<?xml version="1.0" encoding="utf-8"?>
<Project ToolsVersion="4.0" xmlns="http://schemas.microsoft.com/developer/msbuild/2003">
  <ItemGroup>
    <Filter Include="소스 파일">
      <UniqueIdentifier>{4FC737F1-C7A5-4376-A066-2A32D752A2FF}</UniqueIdentifier>
      <Extensions>cpp;c;cc;cxx;def;odl;idl;hpj;bat;asm;asmx</Extensions>
    </Filter>
    <Filter Include="헤더 파일">
      <UniqueIdentifier>{93995380-89BD-4b04-88EB-625FBE52EBFB}</UniqueIdentifier>
      <Extensions>h;hpp;hxx;hm;inl;inc;xsd</Extensions>
    </Filter>
    <Filter Include="리소스 파일">
      <UniqueIdentifier>{67DA6AB6-F800-4c08-8B7A-83BB121AAD01}</UniqueIdentifier>
      <Extensions>rc;ico;cur;bmp;dlg;rc2;rct;bin;rgs;gif;jpg;jpeg;jpe;resx;tiff;tif;png;wav;mfcribbon-ms</Extensions>
    </Filter>
    <Filter Include="소스 파일\character">
      <UniqueIdentifier>{8c7e7a7b-ead6-4be0-8940-5620dfee6c30}</UniqueIdentifier>
    </Filter>
    <Filter Include="소스 파일\map">
      <UniqueIdentifier>{5b6fcceb-4d90-45f6-8af9-0c157e33bc38}</UniqueIdentifier>
    </Filter>
    <Filter Include="헤더 파일\character">
      <UniqueIdentifier>{1aa69e2f-ef84-4d11-a5ac-5eb805694c70}</UniqueIdentifier>
    </Filter>
    <Filter Include="헤더 파일\map">
      <UniqueIdentifier>{ca5bc333-2c97-4f56-ab71-0b7d23599f92}</UniqueIdentifier>
    </Filter>
  </ItemGroup>
  <ItemGroup>
    <ClCompile Include="Character.cpp">
      <Filter>소스 파일\character</Filter>
    </ClCompile>
    <ClCompile Include="Gamemap.cpp">
      <Filter>소스 파일\map</Filter>
    </ClCompile>
    <ClCompile Include="Char_YagamiLight.cpp">
      <Filter>소스 파일\character</Filter>
    </ClCompile>
    <ClCompile Include="main.cpp">
      <Filter>소스 파일</Filter>
    </ClCompile>
    <ClCompile Include="Game.cpp">
      <Filter>소스 파일</Filter>
    </ClCompile>
    <ClCompile Include="enumstruct.cpp">
      <Filter>소스 파일</Filter>
    </ClCompile>
    <ClCompile Include="M_Image.cpp">
      <Filter>소스 파일</Filter>
    </ClCompile>
    <ClCompile Include="Keyboard.cpp">
      <Filter>소스 파일</Filter>
    </ClCompile>
    <ClCompile Include="M_Sound.cpp">
      <Filter>소스 파일</Filter>
    </ClCompile>
    <ClCompile Include="M_Font.cpp">
      <Filter>소스 파일</Filter>
    </ClCompile>
    <ClCompile Include="Char_HyugaNeji.cpp">
      <Filter>소스 파일\character</Filter>
    </ClCompile>
    <ClCompile Include="Map_Kungfu.cpp">
      <Filter>소스 파일\map</Filter>
    </ClCompile>
    <ClCompile Include="Map_Grayland.cpp">
      <Filter>소스 파일\map</Filter>
    </ClCompile>
    <ClCompile Include="Char_Cheetahmen.cpp">
      <Filter>소스 파일\character</Filter>
    </ClCompile>
  </ItemGroup>
  <ItemGroup>
    <ClInclude Include="Character.h">
      <Filter>헤더 파일\character</Filter>
    </ClInclude>
    <ClInclude Include="Gamemap.h">
      <Filter>헤더 파일\map</Filter>
    </ClInclude>
    <ClInclude Include="Char_YagamiLight.h">
      <Filter>헤더 파일\character</Filter>
    </ClInclude>
    <ClInclude Include="enumstruct.h">
      <Filter>헤더 파일</Filter>
    </ClInclude>
    <ClInclude Include="Game.h">
      <Filter>헤더 파일</Filter>
    </ClInclude>
    <ClInclude Include="M_Image.h">
      <Filter>헤더 파일</Filter>
    </ClInclude>
    <ClInclude Include="Keyboard.h">
      <Filter>헤더 파일</Filter>
    </ClInclude>
    <ClInclude Include="M_Sound.h">
      <Filter>헤더 파일</Filter>
    </ClInclude>
    <ClInclude Include="M_Font.h">
      <Filter>헤더 파일</Filter>
    </ClInclude>
    <ClInclude Include="Char_HyugaNeji.h">
      <Filter>헤더 파일\character</Filter>
    </ClInclude>
    <ClInclude Include="Map_Kungfu.h">
      <Filter>헤더 파일\map</Filter>
    </ClInclude>
    <ClInclude Include="Map_Grayland.h">
      <Filter>헤더 파일\map</Filter>
    </ClInclude>
    <ClInclude Include="Char_Cheetahmen.h">
      <Filter>헤더 파일\character</Filter>
    </ClInclude>
    <ClInclude Include="resource.h">
      <Filter>헤더 파일</Filter>
    </ClInclude>
    <ClInclude Include="resource1.h">
      <Filter>헤더 파일</Filter>
    </ClInclude>
  </ItemGroup>
  <ItemGroup>
    <ResourceCompile Include="charmugen.rc">
      <Filter>리소스 파일</Filter>
    </ResourceCompile>
  </ItemGroup>
  <ItemGroup>
    <None Include="charmugen.ico">
      <Filter>리소스 파일</Filter>
    </None>
  </ItemGroup>
</Project>